// !$*UTF8*$!
{
	archiveVersion = 1;
	classes = {
	};
	objectVersion = 50;
	objects = {

/* Begin PBXBuildFile section */
		C479D13523C22B1C0099E071 /* BottomDelegate.swift in Sources */ = {isa = PBXBuildFile; fileRef = C479D13423C22B1C0099E071 /* BottomDelegate.swift */; };
		C479D13723C22ED10099E071 /* TopDelegate.swift in Sources */ = {isa = PBXBuildFile; fileRef = C479D13623C22ED10099E071 /* TopDelegate.swift */; };
		C479D13923C2505F0099E071 /* TextFieldDelegator.swift in Sources */ = {isa = PBXBuildFile; fileRef = C479D13823C2505F0099E071 /* TextFieldDelegator.swift */; };
		C4F7E6CA23C1183900F5A935 /* AppDelegate.swift in Sources */ = {isa = PBXBuildFile; fileRef = C4F7E6C923C1183900F5A935 /* AppDelegate.swift */; };
		C4F7E6CC23C1183900F5A935 /* SceneDelegate.swift in Sources */ = {isa = PBXBuildFile; fileRef = C4F7E6CB23C1183900F5A935 /* SceneDelegate.swift */; };
		C4F7E6CE23C1183900F5A935 /* ViewController.swift in Sources */ = {isa = PBXBuildFile; fileRef = C4F7E6CD23C1183900F5A935 /* ViewController.swift */; };
		C4F7E6D123C1183900F5A935 /* Main.storyboard in Resources */ = {isa = PBXBuildFile; fileRef = C4F7E6CF23C1183900F5A935 /* Main.storyboard */; };
		C4F7E6D323C1183900F5A935 /* Assets.xcassets in Resources */ = {isa = PBXBuildFile; fileRef = C4F7E6D223C1183900F5A935 /* Assets.xcassets */; };
		C4F7E6D623C1183900F5A935 /* LaunchScreen.storyboard in Resources */ = {isa = PBXBuildFile; fileRef = C4F7E6D423C1183900F5A935 /* LaunchScreen.storyboard */; };
		C4F7E6E123C1183A00F5A935 /* ImageMemeTests.swift in Sources */ = {isa = PBXBuildFile; fileRef = C4F7E6E023C1183A00F5A935 /* ImageMemeTests.swift */; };
		C4F7E6EC23C1183A00F5A935 /* ImageMemeUITests.swift in Sources */ = {isa = PBXBuildFile; fileRef = C4F7E6EB23C1183A00F5A935 /* ImageMemeUITests.swift */; };
/* End PBXBuildFile section */

/* Begin PBXContainerItemProxy section */
		C4F7E6DD23C1183A00F5A935 /* PBXContainerItemProxy */ = {
			isa = PBXContainerItemProxy;
			containerPortal = C4F7E6BE23C1183900F5A935 /* Project object */;
			proxyType = 1;
			remoteGlobalIDString = C4F7E6C523C1183900F5A935;
			remoteInfo = ImageMeme;
		};
		C4F7E6E823C1183A00F5A935 /* PBXContainerItemProxy */ = {
			isa = PBXContainerItemProxy;
			containerPortal = C4F7E6BE23C1183900F5A935 /* Project object */;
			proxyType = 1;
			remoteGlobalIDString = C4F7E6C523C1183900F5A935;
			remoteInfo = ImageMeme;
		};
/* End PBXContainerItemProxy section */

/* Begin PBXFileReference section */
		C479D13423C22B1C0099E071 /* BottomDelegate.swift */ = {isa = PBXFileReference; lastKnownFileType = sourcecode.swift; path = BottomDelegate.swift; sourceTree = "<group>"; };
		C479D13623C22ED10099E071 /* TopDelegate.swift */ = {isa = PBXFileReference; lastKnownFileType = sourcecode.swift; path = TopDelegate.swift; sourceTree = "<group>"; };
		C479D13823C2505F0099E071 /* TextFieldDelegator.swift */ = {isa = PBXFileReference; lastKnownFileType = sourcecode.swift; path = TextFieldDelegator.swift; sourceTree = "<group>"; };
		C4F7E6C623C1183900F5A935 /* MemeV1.0.app */ = {isa = PBXFileReference; explicitFileType = wrapper.application; includeInIndex = 0; path = MemeV1.0.app; sourceTree = BUILT_PRODUCTS_DIR; };
		C4F7E6C923C1183900F5A935 /* AppDelegate.swift */ = {isa = PBXFileReference; lastKnownFileType = sourcecode.swift; path = AppDelegate.swift; sourceTree = "<group>"; };
		C4F7E6CB23C1183900F5A935 /* SceneDelegate.swift */ = {isa = PBXFileReference; lastKnownFileType = sourcecode.swift; path = SceneDelegate.swift; sourceTree = "<group>"; };
		C4F7E6CD23C1183900F5A935 /* ViewController.swift */ = {isa = PBXFileReference; lastKnownFileType = sourcecode.swift; path = ViewController.swift; sourceTree = "<group>"; };
		C4F7E6D023C1183900F5A935 /* Base */ = {isa = PBXFileReference; lastKnownFileType = file.storyboard; name = Base; path = Base.lproj/Main.storyboard; sourceTree = "<group>"; };
		C4F7E6D223C1183900F5A935 /* Assets.xcassets */ = {isa = PBXFileReference; lastKnownFileType = folder.assetcatalog; path = Assets.xcassets; sourceTree = "<group>"; };
		C4F7E6D523C1183900F5A935 /* Base */ = {isa = PBXFileReference; lastKnownFileType = file.storyboard; name = Base; path = Base.lproj/LaunchScreen.storyboard; sourceTree = "<group>"; };
		C4F7E6D723C1183900F5A935 /* Info.plist */ = {isa = PBXFileReference; lastKnownFileType = text.plist.xml; path = Info.plist; sourceTree = "<group>"; };
		C4F7E6DC23C1183A00F5A935 /* ImageMemeTests.xctest */ = {isa = PBXFileReference; explicitFileType = wrapper.cfbundle; includeInIndex = 0; path = ImageMemeTests.xctest; sourceTree = BUILT_PRODUCTS_DIR; };
		C4F7E6E023C1183A00F5A935 /* ImageMemeTests.swift */ = {isa = PBXFileReference; lastKnownFileType = sourcecode.swift; path = ImageMemeTests.swift; sourceTree = "<group>"; };
		C4F7E6E223C1183A00F5A935 /* Info.plist */ = {isa = PBXFileReference; lastKnownFileType = text.plist.xml; path = Info.plist; sourceTree = "<group>"; };
		C4F7E6E723C1183A00F5A935 /* ImageMemeUITests.xctest */ = {isa = PBXFileReference; explicitFileType = wrapper.cfbundle; includeInIndex = 0; path = ImageMemeUITests.xctest; sourceTree = BUILT_PRODUCTS_DIR; };
		C4F7E6EB23C1183A00F5A935 /* ImageMemeUITests.swift */ = {isa = PBXFileReference; lastKnownFileType = sourcecode.swift; path = ImageMemeUITests.swift; sourceTree = "<group>"; };
		C4F7E6ED23C1183A00F5A935 /* Info.plist */ = {isa = PBXFileReference; lastKnownFileType = text.plist.xml; path = Info.plist; sourceTree = "<group>"; };
/* End PBXFileReference section */

/* Begin PBXFrameworksBuildPhase section */
		C4F7E6C323C1183900F5A935 /* Frameworks */ = {
			isa = PBXFrameworksBuildPhase;
			buildActionMask = 2147483647;
			files = (
			);
			runOnlyForDeploymentPostprocessing = 0;
		};
		C4F7E6D923C1183A00F5A935 /* Frameworks */ = {
			isa = PBXFrameworksBuildPhase;
			buildActionMask = 2147483647;
			files = (
			);
			runOnlyForDeploymentPostprocessing = 0;
		};
		C4F7E6E423C1183A00F5A935 /* Frameworks */ = {
			isa = PBXFrameworksBuildPhase;
			buildActionMask = 2147483647;
			files = (
			);
			runOnlyForDeploymentPostprocessing = 0;
		};
/* End PBXFrameworksBuildPhase section */

/* Begin PBXGroup section */
		C4F7E6BD23C1183900F5A935 = {
			isa = PBXGroup;
			children = (
				C4F7E6C823C1183900F5A935 /* ImageMeme */,
				C4F7E6DF23C1183A00F5A935 /* ImageMemeTests */,
				C4F7E6EA23C1183A00F5A935 /* ImageMemeUITests */,
				C4F7E6C723C1183900F5A935 /* Products */,
			);
			sourceTree = "<group>";
		};
		C4F7E6C723C1183900F5A935 /* Products */ = {
			isa = PBXGroup;
			children = (
				C4F7E6C623C1183900F5A935 /* MemeV1.0.app */,
				C4F7E6DC23C1183A00F5A935 /* ImageMemeTests.xctest */,
				C4F7E6E723C1183A00F5A935 /* ImageMemeUITests.xctest */,
			);
			name = Products;
			sourceTree = "<group>";
		};
		C4F7E6C823C1183900F5A935 /* ImageMeme */ = {
			isa = PBXGroup;
			children = (
				C4F7E6C923C1183900F5A935 /* AppDelegate.swift */,
				C4F7E6CB23C1183900F5A935 /* SceneDelegate.swift */,
				C4F7E6CD23C1183900F5A935 /* ViewController.swift */,
				C4F7E6CF23C1183900F5A935 /* Main.storyboard */,
				C4F7E6D223C1183900F5A935 /* Assets.xcassets */,
				C4F7E6D423C1183900F5A935 /* LaunchScreen.storyboard */,
				C4F7E6D723C1183900F5A935 /* Info.plist */,
				C479D13423C22B1C0099E071 /* BottomDelegate.swift */,
				C479D13623C22ED10099E071 /* TopDelegate.swift */,
				C479D13823C2505F0099E071 /* TextFieldDelegator.swift */,
			);
			path = ImageMeme;
			sourceTree = "<group>";
		};
		C4F7E6DF23C1183A00F5A935 /* ImageMemeTests */ = {
			isa = PBXGroup;
			children = (
				C4F7E6E023C1183A00F5A935 /* ImageMemeTests.swift */,
				C4F7E6E223C1183A00F5A935 /* Info.plist */,
			);
			path = ImageMemeTests;
			sourceTree = "<group>";
		};
		C4F7E6EA23C1183A00F5A935 /* ImageMemeUITests */ = {
			isa = PBXGroup;
			children = (
				C4F7E6EB23C1183A00F5A935 /* ImageMemeUITests.swift */,
				C4F7E6ED23C1183A00F5A935 /* Info.plist */,
			);
			path = ImageMemeUITests;
			sourceTree = "<group>";
		};
/* End PBXGroup section */

/* Begin PBXNativeTarget section */
		C4F7E6C523C1183900F5A935 /* ImageMeme */ = {
			isa = PBXNativeTarget;
			buildConfigurationList = C4F7E6F023C1183A00F5A935 /* Build configuration list for PBXNativeTarget "ImageMeme" */;
			buildPhases = (
				C4F7E6C223C1183900F5A935 /* Sources */,
				C4F7E6C323C1183900F5A935 /* Frameworks */,
				C4F7E6C423C1183900F5A935 /* Resources */,
			);
			buildRules = (
			);
			dependencies = (
			);
			name = ImageMeme;
			productName = ImageMeme;
			productReference = C4F7E6C623C1183900F5A935 /* MemeV1.0.app */;
			productType = "com.apple.product-type.application";
		};
		C4F7E6DB23C1183A00F5A935 /* ImageMemeTests */ = {
			isa = PBXNativeTarget;
			buildConfigurationList = C4F7E6F323C1183A00F5A935 /* Build configuration list for PBXNativeTarget "ImageMemeTests" */;
			buildPhases = (
				C4F7E6D823C1183A00F5A935 /* Sources */,
				C4F7E6D923C1183A00F5A935 /* Frameworks */,
				C4F7E6DA23C1183A00F5A935 /* Resources */,
			);
			buildRules = (
			);
			dependencies = (
				C4F7E6DE23C1183A00F5A935 /* PBXTargetDependency */,
			);
			name = ImageMemeTests;
			productName = ImageMemeTests;
			productReference = C4F7E6DC23C1183A00F5A935 /* ImageMemeTests.xctest */;
			productType = "com.apple.product-type.bundle.unit-test";
		};
		C4F7E6E623C1183A00F5A935 /* ImageMemeUITests */ = {
			isa = PBXNativeTarget;
			buildConfigurationList = C4F7E6F623C1183A00F5A935 /* Build configuration list for PBXNativeTarget "ImageMemeUITests" */;
			buildPhases = (
				C4F7E6E323C1183A00F5A935 /* Sources */,
				C4F7E6E423C1183A00F5A935 /* Frameworks */,
				C4F7E6E523C1183A00F5A935 /* Resources */,
			);
			buildRules = (
			);
			dependencies = (
				C4F7E6E923C1183A00F5A935 /* PBXTargetDependency */,
			);
			name = ImageMemeUITests;
			productName = ImageMemeUITests;
			productReference = C4F7E6E723C1183A00F5A935 /* ImageMemeUITests.xctest */;
			productType = "com.apple.product-type.bundle.ui-testing";
		};
/* End PBXNativeTarget section */

/* Begin PBXProject section */
		C4F7E6BE23C1183900F5A935 /* Project object */ = {
			isa = PBXProject;
			attributes = {
				LastSwiftUpdateCheck = 1130;
				LastUpgradeCheck = 1130;
				ORGANIZATIONNAME = "Cristhian Recalde";
				TargetAttributes = {
					C4F7E6C523C1183900F5A935 = {
						CreatedOnToolsVersion = 11.3;
					};
					C4F7E6DB23C1183A00F5A935 = {
						CreatedOnToolsVersion = 11.3;
						TestTargetID = C4F7E6C523C1183900F5A935;
					};
					C4F7E6E623C1183A00F5A935 = {
						CreatedOnToolsVersion = 11.3;
						TestTargetID = C4F7E6C523C1183900F5A935;
					};
				};
			};
			buildConfigurationList = C4F7E6C123C1183900F5A935 /* Build configuration list for PBXProject "ImageMeme" */;
			compatibilityVersion = "Xcode 9.3";
			developmentRegion = en;
			hasScannedForEncodings = 0;
			knownRegions = (
				en,
				Base,
			);
			mainGroup = C4F7E6BD23C1183900F5A935;
			productRefGroup = C4F7E6C723C1183900F5A935 /* Products */;
			projectDirPath = "";
			projectRoot = "";
			targets = (
				C4F7E6C523C1183900F5A935 /* ImageMeme */,
				C4F7E6DB23C1183A00F5A935 /* ImageMemeTests */,
				C4F7E6E623C1183A00F5A935 /* ImageMemeUITests */,
			);
		};
/* End PBXProject section */

/* Begin PBXResourcesBuildPhase section */
		C4F7E6C423C1183900F5A935 /* Resources */ = {
			isa = PBXResourcesBuildPhase;
			buildActionMask = 2147483647;
			files = (
				C4F7E6D623C1183900F5A935 /* LaunchScreen.storyboard in Resources */,
				C4F7E6D323C1183900F5A935 /* Assets.xcassets in Resources */,
				C4F7E6D123C1183900F5A935 /* Main.storyboard in Resources */,
			);
			runOnlyForDeploymentPostprocessing = 0;
		};
		C4F7E6DA23C1183A00F5A935 /* Resources */ = {
			isa = PBXResourcesBuildPhase;
			buildActionMask = 2147483647;
			files = (
			);
			runOnlyForDeploymentPostprocessing = 0;
		};
		C4F7E6E523C1183A00F5A935 /* Resources */ = {
			isa = PBXResourcesBuildPhase;
			buildActionMask = 2147483647;
			files = (
			);
			runOnlyForDeploymentPostprocessing = 0;
		};
/* End PBXResourcesBuildPhase section */

/* Begin PBXSourcesBuildPhase section */
		C4F7E6C223C1183900F5A935 /* Sources */ = {
			isa = PBXSourcesBuildPhase;
			buildActionMask = 2147483647;
			files = (
				C4F7E6CE23C1183900F5A935 /* ViewController.swift in Sources */,
				C479D13723C22ED10099E071 /* TopDelegate.swift in Sources */,
				C4F7E6CA23C1183900F5A935 /* AppDelegate.swift in Sources */,
				C479D13923C2505F0099E071 /* TextFieldDelegator.swift in Sources */,
				C4F7E6CC23C1183900F5A935 /* SceneDelegate.swift in Sources */,
				C479D13523C22B1C0099E071 /* BottomDelegate.swift in Sources */,
			);
			runOnlyForDeploymentPostprocessing = 0;
		};
		C4F7E6D823C1183A00F5A935 /* Sources */ = {
			isa = PBXSourcesBuildPhase;
			buildActionMask = 2147483647;
			files = (
				C4F7E6E123C1183A00F5A935 /* ImageMemeTests.swift in Sources */,
			);
			runOnlyForDeploymentPostprocessing = 0;
		};
		C4F7E6E323C1183A00F5A935 /* Sources */ = {
			isa = PBXSourcesBuildPhase;
			buildActionMask = 2147483647;
			files = (
				C4F7E6EC23C1183A00F5A935 /* ImageMemeUITests.swift in Sources */,
			);
			runOnlyForDeploymentPostprocessing = 0;
		};
/* End PBXSourcesBuildPhase section */

/* Begin PBXTargetDependency section */
		C4F7E6DE23C1183A00F5A935 /* PBXTargetDependency */ = {
			isa = PBXTargetDependency;
			target = C4F7E6C523C1183900F5A935 /* ImageMeme */;
			targetProxy = C4F7E6DD23C1183A00F5A935 /* PBXContainerItemProxy */;
		};
		C4F7E6E923C1183A00F5A935 /* PBXTargetDependency */ = {
			isa = PBXTargetDependency;
			target = C4F7E6C523C1183900F5A935 /* ImageMeme */;
			targetProxy = C4F7E6E823C1183A00F5A935 /* PBXContainerItemProxy */;
		};
/* End PBXTargetDependency section */

/* Begin PBXVariantGroup section */
		C4F7E6CF23C1183900F5A935 /* Main.storyboard */ = {
			isa = PBXVariantGroup;
			children = (
				C4F7E6D023C1183900F5A935 /* Base */,
			);
			name = Main.storyboard;
			sourceTree = "<group>";
		};
		C4F7E6D423C1183900F5A935 /* LaunchScreen.storyboard */ = {
			isa = PBXVariantGroup;
			children = (
				C4F7E6D523C1183900F5A935 /* Base */,
			);
			name = LaunchScreen.storyboard;
			sourceTree = "<group>";
		};
/* End PBXVariantGroup section */

/* Begin XCBuildConfiguration section */
		C4F7E6EE23C1183A00F5A935 /* Debug */ = {
			isa = XCBuildConfiguration;
			buildSettings = {
				ALWAYS_SEARCH_USER_PATHS = NO;
				CLANG_ANALYZER_NONNULL = YES;
				CLANG_ANALYZER_NUMBER_OBJECT_CONVERSION = YES_AGGRESSIVE;
				CLANG_CXX_LANGUAGE_STANDARD = "gnu++14";
				CLANG_CXX_LIBRARY = "libc++";
				CLANG_ENABLE_MODULES = YES;
				CLANG_ENABLE_OBJC_ARC = YES;
				CLANG_ENABLE_OBJC_WEAK = YES;
				CLANG_WARN_BLOCK_CAPTURE_AUTORELEASING = YES;
				CLANG_WARN_BOOL_CONVERSION = YES;
				CLANG_WARN_COMMA = YES;
				CLANG_WARN_CONSTANT_CONVERSION = YES;
				CLANG_WARN_DEPRECATED_OBJC_IMPLEMENTATIONS = YES;
				CLANG_WARN_DIRECT_OBJC_ISA_USAGE = YES_ERROR;
				CLANG_WARN_DOCUMENTATION_COMMENTS = YES;
				CLANG_WARN_EMPTY_BODY = YES;
				CLANG_WARN_ENUM_CONVERSION = YES;
				CLANG_WARN_INFINITE_RECURSION = YES;
				CLANG_WARN_INT_CONVERSION = YES;
				CLANG_WARN_NON_LITERAL_NULL_CONVERSION = YES;
				CLANG_WARN_OBJC_IMPLICIT_RETAIN_SELF = YES;
				CLANG_WARN_OBJC_LITERAL_CONVERSION = YES;
				CLANG_WARN_OBJC_ROOT_CLASS = YES_ERROR;
				CLANG_WARN_RANGE_LOOP_ANALYSIS = YES;
				CLANG_WARN_STRICT_PROTOTYPES = YES;
				CLANG_WARN_SUSPICIOUS_MOVE = YES;
				CLANG_WARN_UNGUARDED_AVAILABILITY = YES_AGGRESSIVE;
				CLANG_WARN_UNREACHABLE_CODE = YES;
				CLANG_WARN__DUPLICATE_METHOD_MATCH = YES;
				COPY_PHASE_STRIP = NO;
				DEBUG_INFORMATION_FORMAT = dwarf;
				ENABLE_STRICT_OBJC_MSGSEND = YES;
				ENABLE_TESTABILITY = YES;
				GCC_C_LANGUAGE_STANDARD = gnu11;
				GCC_DYNAMIC_NO_PIC = NO;
				GCC_NO_COMMON_BLOCKS = YES;
				GCC_OPTIMIZATION_LEVEL = 0;
				GCC_PREPROCESSOR_DEFINITIONS = (
					"DEBUG=1",
					"$(inherited)",
				);
				GCC_WARN_64_TO_32_BIT_CONVERSION = YES;
				GCC_WARN_ABOUT_RETURN_TYPE = YES_ERROR;
				GCC_WARN_UNDECLARED_SELECTOR = YES;
				GCC_WARN_UNINITIALIZED_AUTOS = YES_AGGRESSIVE;
				GCC_WARN_UNUSED_FUNCTION = YES;
				GCC_WARN_UNUSED_VARIABLE = YES;
				IPHONEOS_DEPLOYMENT_TARGET = 13.2;
				MTL_ENABLE_DEBUG_INFO = INCLUDE_SOURCE;
				MTL_FAST_MATH = YES;
				ONLY_ACTIVE_ARCH = YES;
				SDKROOT = iphoneos;
				SWIFT_ACTIVE_COMPILATION_CONDITIONS = DEBUG;
				SWIFT_OPTIMIZATION_LEVEL = "-Onone";
			};
			name = Debug;
		};
		C4F7E6EF23C1183A00F5A935 /* Release */ = {
			isa = XCBuildConfiguration;
			buildSettings = {
				ALWAYS_SEARCH_USER_PATHS = NO;
				CLANG_ANALYZER_NONNULL = YES;
				CLANG_ANALYZER_NUMBER_OBJECT_CONVERSION = YES_AGGRESSIVE;
				CLANG_CXX_LANGUAGE_STANDARD = "gnu++14";
				CLANG_CXX_LIBRARY = "libc++";
				CLANG_ENABLE_MODULES = YES;
				CLANG_ENABLE_OBJC_ARC = YES;
				CLANG_ENABLE_OBJC_WEAK = YES;
				CLANG_WARN_BLOCK_CAPTURE_AUTORELEASING = YES;
				CLANG_WARN_BOOL_CONVERSION = YES;
				CLANG_WARN_COMMA = YES;
				CLANG_WARN_CONSTANT_CONVERSION = YES;
				CLANG_WARN_DEPRECATED_OBJC_IMPLEMENTATIONS = YES;
				CLANG_WARN_DIRECT_OBJC_ISA_USAGE = YES_ERROR;
				CLANG_WARN_DOCUMENTATION_COMMENTS = YES;
				CLANG_WARN_EMPTY_BODY = YES;
				CLANG_WARN_ENUM_CONVERSION = YES;
				CLANG_WARN_INFINITE_RECURSION = YES;
				CLANG_WARN_INT_CONVERSION = YES;
				CLANG_WARN_NON_LITERAL_NULL_CONVERSION = YES;
				CLANG_WARN_OBJC_IMPLICIT_RETAIN_SELF = YES;
				CLANG_WARN_OBJC_LITERAL_CONVERSION = YES;
				CLANG_WARN_OBJC_ROOT_CLASS = YES_ERROR;
				CLANG_WARN_RANGE_LOOP_ANALYSIS = YES;
				CLANG_WARN_STRICT_PROTOTYPES = YES;
				CLANG_WARN_SUSPICIOUS_MOVE = YES;
				CLANG_WARN_UNGUARDED_AVAILABILITY = YES_AGGRESSIVE;
				CLANG_WARN_UNREACHABLE_CODE = YES;
				CLANG_WARN__DUPLICATE_METHOD_MATCH = YES;
				COPY_PHASE_STRIP = NO;
				DEBUG_INFORMATION_FORMAT = "dwarf-with-dsym";
				ENABLE_NS_ASSERTIONS = NO;
				ENABLE_STRICT_OBJC_MSGSEND = YES;
				GCC_C_LANGUAGE_STANDARD = gnu11;
				GCC_NO_COMMON_BLOCKS = YES;
				GCC_WARN_64_TO_32_BIT_CONVERSION = YES;
				GCC_WARN_ABOUT_RETURN_TYPE = YES_ERROR;
				GCC_WARN_UNDECLARED_SELECTOR = YES;
				GCC_WARN_UNINITIALIZED_AUTOS = YES_AGGRESSIVE;
				GCC_WARN_UNUSED_FUNCTION = YES;
				GCC_WARN_UNUSED_VARIABLE = YES;
				IPHONEOS_DEPLOYMENT_TARGET = 13.2;
				MTL_ENABLE_DEBUG_INFO = NO;
				MTL_FAST_MATH = YES;
				SDKROOT = iphoneos;
				SWIFT_COMPILATION_MODE = wholemodule;
				SWIFT_OPTIMIZATION_LEVEL = "-O";
				VALIDATE_PRODUCT = YES;
			};
			name = Release;
		};
		C4F7E6F123C1183A00F5A935 /* Debug */ = {
			isa = XCBuildConfiguration;
			buildSettings = {
				ASSETCATALOG_COMPILER_APPICON_NAME = AppIcon;
				CODE_SIGN_STYLE = Automatic;
				DEVELOPMENT_TEAM = M5X6C8M57F;
				INFOPLIST_FILE = ImageMeme/Info.plist;
				LD_RUNPATH_SEARCH_PATHS = (
					"$(inherited)",
					"@executable_path/Frameworks",
				);
				PRODUCT_BUNDLE_IDENTIFIER = py.com.snowtech.TextFieldChallenge;
				PRODUCT_NAME = MemeV1.0;
				SWIFT_VERSION = 5.0;
				TARGETED_DEVICE_FAMILY = "1,2";
			};
			name = Debug;
		};
		C4F7E6F223C1183A00F5A935 /* Release */ = {
			isa = XCBuildConfiguration;
			buildSettings = {
				ASSETCATALOG_COMPILER_APPICON_NAME = AppIcon;
				CODE_SIGN_STYLE = Automatic;
				DEVELOPMENT_TEAM = M5X6C8M57F;
				INFOPLIST_FILE = ImageMeme/Info.plist;
				LD_RUNPATH_SEARCH_PATHS = (
					"$(inherited)",
					"@executable_path/Frameworks",
				);
				PRODUCT_BUNDLE_IDENTIFIER = py.com.snowtech.TextFieldChallenge;
				PRODUCT_NAME = MemeV1.0;
				SWIFT_VERSION = 5.0;
				TARGETED_DEVICE_FAMILY = "1,2";
			};
			name = Release;
		};
		C4F7E6F423C1183A00F5A935 /* Debug */ = {
			isa = XCBuildConfiguration;
			buildSettings = {
				ALWAYS_EMBED_SWIFT_STANDARD_LIBRARIES = YES;
				BUNDLE_LOADER = "$(TEST_HOST)";
				CODE_SIGN_STYLE = Automatic;
				DEVELOPMENT_TEAM = M5X6C8M57F;
				INFOPLIST_FILE = ImageMemeTests/Info.plist;
				IPHONEOS_DEPLOYMENT_TARGET = 13.2;
				LD_RUNPATH_SEARCH_PATHS = (
					"$(inherited)",
					"@executable_path/Frameworks",
					"@loader_path/Frameworks",
				);
				PRODUCT_BUNDLE_IDENTIFIER = py.com.snowtech.ImageMemeTests;
				PRODUCT_NAME = "$(TARGET_NAME)";
				SWIFT_VERSION = 5.0;
				TARGETED_DEVICE_FAMILY = "1,2";
				TEST_HOST = "$(BUILT_PRODUCTS_DIR)/ImageMeme.app/ImageMeme";
			};
			name = Debug;
		};
		C4F7E6F523C1183A00F5A935 /* Release */ = {
			isa = XCBuildConfiguration;
			buildSettings = {
				ALWAYS_EMBED_SWIFT_STANDARD_LIBRARIES = YES;
				BUNDLE_LOADER = "$(TEST_HOST)";
				CODE_SIGN_STYLE = Automatic;
				DEVELOPMENT_TEAM = M5X6C8M57F;
				INFOPLIST_FILE = ImageMemeTests/Info.plist;
				IPHONEOS_DEPLOYMENT_TARGET = 13.2;
				LD_RUNPATH_SEARCH_PATHS = (
					"$(inherited)",
					"@executable_path/Frameworks",
					"@loader_path/Frameworks",
				);
				PRODUCT_BUNDLE_IDENTIFIER = py.com.snowtech.ImageMemeTests;
				PRODUCT_NAME = "$(TARGET_NAME)";
				SWIFT_VERSION = 5.0;
				TARGETED_DEVICE_FAMILY = "1,2";
				TEST_HOST = "$(BUILT_PRODUCTS_DIR)/ImageMeme.app/ImageMeme";
			};
			name = Release;
		};
		C4F7E6F723C1183A00F5A935 /* Debug */ = {
			isa = XCBuildConfiguration;
			buildSettings = {
				ALWAYS_EMBED_SWIFT_STANDARD_LIBRARIES = YES;
				CODE_SIGN_STYLE = Automatic;
				DEVELOPMENT_TEAM = M5X6C8M57F;
				INFOPLIST_FILE = ImageMemeUITests/Info.plist;
				LD_RUNPATH_SEARCH_PATHS = (
					"$(inherited)",
					"@executable_path/Frameworks",
					"@loader_path/Frameworks",
				);
				PRODUCT_BUNDLE_IDENTIFIER = py.com.snowtech.ImageMemeUITests;
				PRODUCT_NAME = "$(TARGET_NAME)";
				SWIFT_VERSION = 5.0;
				TARGETED_DEVICE_FAMILY = "1,2";
				TEST_TARGET_NAME = ImageMeme;
			};
			name = Debug;
		};
		C4F7E6F823C1183A00F5A935 /* Release */ = {
			isa = XCBuildConfiguration;
			buildSettings = {
				ALWAYS_EMBED_SWIFT_STANDARD_LIBRARIES = YES;
				CODE_SIGN_STYLE = Automatic;
				DEVELOPMENT_TEAM = M5X6C8M57F;
				INFOPLIST_FILE = ImageMemeUITests/Info.plist;
				LD_RUNPATH_SEARCH_PATHS = (
					"$(inherited)",
					"@executable_path/Frameworks",
					"@loader_path/Frameworks",
				);
				PRODUCT_BUNDLE_IDENTIFIER = py.com.snowtech.ImageMemeUITests;
				PRODUCT_NAME = "$(TARGET_NAME)";
				SWIFT_VERSION = 5.0;
				TARGETED_DEVICE_FAMILY = "1,2";
				TEST_TARGET_NAME = ImageMeme;
			};
			name = Release;
		};
/* End XCBuildConfiguration section */

/* Begin XCConfigurationList section */
		C4F7E6C123C1183900F5A935 /* Build configuration list for PBXProject "ImageMeme" */ = {
			isa = XCConfigurationList;
			buildConfigurations = (
				C4F7E6EE23C1183A00F5A935 /* Debug */,
				C4F7E6EF23C1183A00F5A935 /* Release */,
			);
			defaultConfigurationIsVisible = 0;
			defaultConfigurationName = Release;
		};
		C4F7E6F023C1183A00F5A935 /* Build configuration list for PBXNativeTarget "ImageMeme" */ = {
			isa = XCConfigurationList;
			buildConfigurations = (
				C4F7E6F123C1183A00F5A935 /* Debug */,
				C4F7E6F223C1183A00F5A935 /* Release */,
			);
			defaultConfigurationIsVisible = 0;
			defaultConfigurationName = Release;
		};
		C4F7E6F323C1183A00F5A935 /* Build configuration list for PBXNativeTarget "ImageMemeTests" */ = {
			isa = XCConfigurationList;
			buildConfigurations = (
				C4F7E6F423C1183A00F5A935 /* Debug */,
				C4F7E6F523C1183A00F5A935 /* Release */,
			);
			defaultConfigurationIsVisible = 0;
			defaultConfigurationName = Release;
		};
		C4F7E6F623C1183A00F5A935 /* Build configuration list for PBXNativeTarget "ImageMemeUITests" */ = {
			isa = XCConfigurationList;
			buildConfigurations = (
				C4F7E6F723C1183A00F5A935 /* Debug */,
				C4F7E6F823C1183A00F5A935 /* Release */,
			);
			defaultConfigurationIsVisible = 0;
			defaultConfigurationName = Release;
		};
/* End XCConfigurationList section */
	};
	rootObject = C4F7E6BE23C1183900F5A935 /* Project object */;
}
